
Microsoft Visual Studio Solution File, Format Version 12.00
# Visual Studio Version 16
VisualStudioVersion = 25.0.1705.2
MinimumVisualStudioVersion = 10.0.40219.1
Project("{FAE04EC0-301F-11D3-BF4B-00C04F79EFBC}") = "Homework1_7_6", "Homework1_7_6\Homework1_7_6.csproj", "{9DC62FC9-30AD-4CD9-8DED-A5082E879D97}"
EndProject
Global
	GlobalSection(SolutionConfigurationPlatforms) = preSolution
		Debug|Any CPU = Debug|Any CPU
		Release|Any CPU = Release|Any CPU
	EndGlobalSection
	GlobalSection(ProjectConfigurationPlatforms) = postSolution
		{9DC62FC9-30AD-4CD9-8DED-A5082E879D97}.Debug|Any CPU.ActiveCfg = Debug|Any CPU
		{9DC62FC9-30AD-4CD9-8DED-A5082E879D97}.Debug|Any CPU.Build.0 = Debug|Any CPU
		{9DC62FC9-30AD-4CD9-8DED-A5082E879D97}.Release|Any CPU.ActiveCfg = Release|Any CPU
		{9DC62FC9-30AD-4CD9-8DED-A5082E879D97}.Release|Any CPU.Build.0 = Release|Any CPU
	EndGlobalSection
	GlobalSection(SolutionProperties) = preSolution
		HideSolutionNode = FALSE
	EndGlobalSection
	GlobalSection(ExtensibilityGlobals) = postSolution
		SolutionGuid = {C137755C-5B48-4FA7-9DAB-E14B426023FA}
	EndGlobalSection
EndGlobal
